
Microsoft Visual Studio Solution File, Format Version 12.00
# Visual Studio 15
VisualStudioVersion = 15.0.27004.2005
MinimumVisualStudioVersion = 10.0.40219.1
Project("{F2A71F9B-5D33-465A-A702-920D77279786}") = "AdventOfCode2017", "AdventOfCode2017\AdventOfCode2017.fsproj", "{234BF2B3-D1A1-4504-AEE5-8F71E376B979}"
EndProject
Global
	GlobalSection(SolutionConfigurationPlatforms) = preSolution
		Debug|Any CPU = Debug|Any CPU
		Release|Any CPU = Release|Any CPU
	EndGlobalSection
	GlobalSection(ProjectConfigurationPlatforms) = postSolution
		{234BF2B3-D1A1-4504-AEE5-8F71E376B979}.Debug|Any CPU.ActiveCfg = Debug|Any CPU
		{234BF2B3-D1A1-4504-AEE5-8F71E376B979}.Debug|Any CPU.Build.0 = Debug|Any CPU
		{234BF2B3-D1A1-4504-AEE5-8F71E376B979}.Release|Any CPU.ActiveCfg = Release|Any CPU
		{234BF2B3-D1A1-4504-AEE5-8F71E376B979}.Release|Any CPU.Build.0 = Release|Any CPU
	EndGlobalSection
	GlobalSection(SolutionProperties) = preSolution
		HideSolutionNode = FALSE
	EndGlobalSection
	GlobalSection(ExtensibilityGlobals) = postSolution
		SolutionGuid = {02A4DED3-C1E8-4C94-9D66-13CE87E07E1A}
	EndGlobalSection
EndGlobal
